// !$*UTF8*$!
{
	archiveVersion = 1;
	classes = {
	};
	objectVersion = 56;
	objects = {

/* Begin PBXBuildFile section */
		887144FD2A1FBC1900C0F564 /* AppDelegate.swift in Sources */ = {isa = PBXBuildFile; fileRef = 887144FC2A1FBC1900C0F564 /* AppDelegate.swift */; };
		887144FF2A1FBC1900C0F564 /* SceneDelegate.swift in Sources */ = {isa = PBXBuildFile; fileRef = 887144FE2A1FBC1900C0F564 /* SceneDelegate.swift */; };
		887145012A1FBC1900C0F564 /* ViewController.swift in Sources */ = {isa = PBXBuildFile; fileRef = 887145002A1FBC1900C0F564 /* ViewController.swift */; };
		887145042A1FBC1900C0F564 /* Main.storyboard in Resources */ = {isa = PBXBuildFile; fileRef = 887145022A1FBC1900C0F564 /* Main.storyboard */; };
		887145062A1FBC1B00C0F564 /* Assets.xcassets in Resources */ = {isa = PBXBuildFile; fileRef = 887145052A1FBC1B00C0F564 /* Assets.xcassets */; };
		887145092A1FBC1B00C0F564 /* LaunchScreen.storyboard in Resources */ = {isa = PBXBuildFile; fileRef = 887145072A1FBC1B00C0F564 /* LaunchScreen.storyboard */; };
		887145122A1FBD0600C0F564 /* Tela02ViewController.swift in Sources */ = {isa = PBXBuildFile; fileRef = 887145112A1FBD0600C0F564 /* Tela02ViewController.swift */; };
		887145142A1FBD1400C0F564 /* Tela02ViewController.storyboard in Resources */ = {isa = PBXBuildFile; fileRef = 887145132A1FBD1400C0F564 /* Tela02ViewController.storyboard */; };
/* End PBXBuildFile section */

/* Begin PBXFileReference section */
		887144F92A1FBC1900C0F564 /* EstudandoProtocol2.app */ = {isa = PBXFileReference; explicitFileType = wrapper.application; includeInIndex = 0; path = EstudandoProtocol2.app; sourceTree = BUILT_PRODUCTS_DIR; };
		887144FC2A1FBC1900C0F564 /* AppDelegate.swift */ = {isa = PBXFileReference; lastKnownFileType = sourcecode.swift; path = AppDelegate.swift; sourceTree = "<group>"; };
		887144FE2A1FBC1900C0F564 /* SceneDelegate.swift */ = {isa = PBXFileReference; lastKnownFileType = sourcecode.swift; path = SceneDelegate.swift; sourceTree = "<group>"; };
		887145002A1FBC1900C0F564 /* ViewController.swift */ = {isa = PBXFileReference; lastKnownFileType = sourcecode.swift; path = ViewController.swift; sourceTree = "<group>"; };
		887145032A1FBC1900C0F564 /* Base */ = {isa = PBXFileReference; lastKnownFileType = file.storyboard; name = Base; path = Base.lproj/Main.storyboard; sourceTree = "<group>"; };
		887145052A1FBC1B00C0F564 /* Assets.xcassets */ = {isa = PBXFileReference; lastKnownFileType = folder.assetcatalog; path = Assets.xcassets; sourceTree = "<group>"; };
		887145082A1FBC1B00C0F564 /* Base */ = {isa = PBXFileReference; lastKnownFileType = file.storyboard; name = Base; path = Base.lproj/LaunchScreen.storyboard; sourceTree = "<group>"; };
		8871450A2A1FBC1B00C0F564 /* Info.plist */ = {isa = PBXFileReference; lastKnownFileType = text.plist.xml; path = Info.plist; sourceTree = "<group>"; };
		887145112A1FBD0600C0F564 /* Tela02ViewController.swift */ = {isa = PBXFileReference; lastKnownFileType = sourcecode.swift; path = Tela02ViewController.swift; sourceTree = "<group>"; };
		887145132A1FBD1400C0F564 /* Tela02ViewController.storyboard */ = {isa = PBXFileReference; lastKnownFileType = file.storyboard; path = Tela02ViewController.storyboard; sourceTree = "<group>"; };
/* End PBXFileReference section */

/* Begin PBXFrameworksBuildPhase section */
		887144F62A1FBC1900C0F564 /* Frameworks */ = {
			isa = PBXFrameworksBuildPhase;
			buildActionMask = 2147483647;
			files = (
			);
			runOnlyForDeploymentPostprocessing = 0;
		};
/* End PBXFrameworksBuildPhase section */

/* Begin PBXGroup section */
		887144F02A1FBC1900C0F564 = {
			isa = PBXGroup;
			children = (
				887144FB2A1FBC1900C0F564 /* EstudandoProtocol2 */,
				887144FA2A1FBC1900C0F564 /* Products */,
			);
			sourceTree = "<group>";
		};
		887144FA2A1FBC1900C0F564 /* Products */ = {
			isa = PBXGroup;
			children = (
				887144F92A1FBC1900C0F564 /* EstudandoProtocol2.app */,
			);
			name = Products;
			sourceTree = "<group>";
		};
		887144FB2A1FBC1900C0F564 /* EstudandoProtocol2 */ = {
			isa = PBXGroup;
			children = (
				887145102A1FBCEF00C0F564 /* Tela02ViewController */,
				887144FC2A1FBC1900C0F564 /* AppDelegate.swift */,
				887144FE2A1FBC1900C0F564 /* SceneDelegate.swift */,
				887145002A1FBC1900C0F564 /* ViewController.swift */,
				887145022A1FBC1900C0F564 /* Main.storyboard */,
				887145052A1FBC1B00C0F564 /* Assets.xcassets */,
				887145072A1FBC1B00C0F564 /* LaunchScreen.storyboard */,
				8871450A2A1FBC1B00C0F564 /* Info.plist */,
			);
			path = EstudandoProtocol2;
			sourceTree = "<group>";
		};
		887145102A1FBCEF00C0F564 /* Tela02ViewController */ = {
			isa = PBXGroup;
			children = (
				887145112A1FBD0600C0F564 /* Tela02ViewController.swift */,
				887145132A1FBD1400C0F564 /* Tela02ViewController.storyboard */,
			);
			path = Tela02ViewController;
			sourceTree = "<group>";
		};
/* End PBXGroup section */

/* Begin PBXNativeTarget section */
		887144F82A1FBC1900C0F564 /* EstudandoProtocol2 */ = {
			isa = PBXNativeTarget;
			buildConfigurationList = 8871450D2A1FBC1B00C0F564 /* Build configuration list for PBXNativeTarget "EstudandoProtocol2" */;
			buildPhases = (
				887144F52A1FBC1900C0F564 /* Sources */,
				887144F62A1FBC1900C0F564 /* Frameworks */,
				887144F72A1FBC1900C0F564 /* Resources */,
			);
			buildRules = (
			);
			dependencies = (
			);
			name = EstudandoProtocol2;
			productName = EstudandoProtocol2;
			productReference = 887144F92A1FBC1900C0F564 /* EstudandoProtocol2.app */;
			productType = "com.apple.product-type.application";
		};
/* End PBXNativeTarget section */

/* Begin PBXProject section */
		887144F12A1FBC1900C0F564 /* Project object */ = {
			isa = PBXProject;
			attributes = {
				BuildIndependentTargetsInParallel = 1;
				LastSwiftUpdateCheck = 1430;
				LastUpgradeCheck = 1430;
				TargetAttributes = {
					887144F82A1FBC1900C0F564 = {
						CreatedOnToolsVersion = 14.3;
					};
				};
			};
			buildConfigurationList = 887144F42A1FBC1900C0F564 /* Build configuration list for PBXProject "EstudandoProtocol2" */;
			compatibilityVersion = "Xcode 14.0";
			developmentRegion = en;
			hasScannedForEncodings = 0;
			knownRegions = (
				en,
				Base,
			);
			mainGroup = 887144F02A1FBC1900C0F564;
			productRefGroup = 887144FA2A1FBC1900C0F564 /* Products */;
			projectDirPath = "";
			projectRoot = "";
			targets = (
				887144F82A1FBC1900C0F564 /* EstudandoProtocol2 */,
			);
		};
/* End PBXProject section */

/* Begin PBXResourcesBuildPhase section */
		887144F72A1FBC1900C0F564 /* Resources */ = {
			isa = PBXResourcesBuildPhase;
			buildActionMask = 2147483647;
			files = (
				887145092A1FBC1B00C0F564 /* LaunchScreen.storyboard in Resources */,
				887145142A1FBD1400C0F564 /* Tela02ViewController.storyboard in Resources */,
				887145062A1FBC1B00C0F564 /* Assets.xcassets in Resources */,
				887145042A1FBC1900C0F564 /* Main.storyboard in Resources */,
			);
			runOnlyForDeploymentPostprocessing = 0;
		};
/* End PBXResourcesBuildPhase section */

/* Begin PBXSourcesBuildPhase section */
		887144F52A1FBC1900C0F564 /* Sources */ = {
			isa = PBXSourcesBuildPhase;
			buildActionMask = 2147483647;
			files = (
				887145122A1FBD0600C0F564 /* Tela02ViewController.swift in Sources */,
				887145012A1FBC1900C0F564 /* ViewController.swift in Sources */,
				887144FD2A1FBC1900C0F564 /* AppDelegate.swift in Sources */,
				887144FF2A1FBC1900C0F564 /* SceneDelegate.swift in Sources */,
			);
			runOnlyForDeploymentPostprocessing = 0;
		};
/* End PBXSourcesBuildPhase section */

/* Begin PBXVariantGroup section */
		887145022A1FBC1900C0F564 /* Main.storyboard */ = {
			isa = PBXVariantGroup;
			children = (
				887145032A1FBC1900C0F564 /* Base */,
			);
			name = Main.storyboard;
			sourceTree = "<group>";
		};
		887145072A1FBC1B00C0F564 /* LaunchScreen.storyboard */ = {
			isa = PBXVariantGroup;
			children = (
				887145082A1FBC1B00C0F564 /* Base */,
			);
			name = LaunchScreen.storyboard;
			sourceTree = "<group>";
		};
/* End PBXVariantGroup section */

/* Begin XCBuildConfiguration section */
		8871450B2A1FBC1B00C0F564 /* Debug */ = {
			isa = XCBuildConfiguration;
			buildSettings = {
				ALWAYS_SEARCH_USER_PATHS = NO;
				CLANG_ANALYZER_NONNULL = YES;
				CLANG_ANALYZER_NUMBER_OBJECT_CONVERSION = YES_AGGRESSIVE;
				CLANG_CXX_LANGUAGE_STANDARD = "gnu++20";
				CLANG_ENABLE_MODULES = YES;
				CLANG_ENABLE_OBJC_ARC = YES;
				CLANG_ENABLE_OBJC_WEAK = YES;
				CLANG_WARN_BLOCK_CAPTURE_AUTORELEASING = YES;
				CLANG_WARN_BOOL_CONVERSION = YES;
				CLANG_WARN_COMMA = YES;
				CLANG_WARN_CONSTANT_CONVERSION = YES;
				CLANG_WARN_DEPRECATED_OBJC_IMPLEMENTATIONS = YES;
				CLANG_WARN_DIRECT_OBJC_ISA_USAGE = YES_ERROR;
				CLANG_WARN_DOCUMENTATION_COMMENTS = YES;
				CLANG_WARN_EMPTY_BODY = YES;
				CLANG_WARN_ENUM_CONVERSION = YES;
				CLANG_WARN_INFINITE_RECURSION = YES;
				CLANG_WARN_INT_CONVERSION = YES;
				CLANG_WARN_NON_LITERAL_NULL_CONVERSION = YES;
				CLANG_WARN_OBJC_IMPLICIT_RETAIN_SELF = YES;
				CLANG_WARN_OBJC_LITERAL_CONVERSION = YES;
				CLANG_WARN_OBJC_ROOT_CLASS = YES_ERROR;
				CLANG_WARN_QUOTED_INCLUDE_IN_FRAMEWORK_HEADER = YES;
				CLANG_WARN_RANGE_LOOP_ANALYSIS = YES;
				CLANG_WARN_STRICT_PROTOTYPES = YES;
				CLANG_WARN_SUSPICIOUS_MOVE = YES;
				CLANG_WARN_UNGUARDED_AVAILABILITY = YES_AGGRESSIVE;
				CLANG_WARN_UNREACHABLE_CODE = YES;
				CLANG_WARN__DUPLICATE_METHOD_MATCH = YES;
				COPY_PHASE_STRIP = NO;
				DEBUG_INFORMATION_FORMAT = dwarf;
				ENABLE_STRICT_OBJC_MSGSEND = YES;
				ENABLE_TESTABILITY = YES;
				GCC_C_LANGUAGE_STANDARD = gnu11;
				GCC_DYNAMIC_NO_PIC = NO;
				GCC_NO_COMMON_BLOCKS = YES;
				GCC_OPTIMIZATION_LEVEL = 0;
				GCC_PREPROCESSOR_DEFINITIONS = (
					"DEBUG=1",
					"$(inherited)",
				);
				GCC_WARN_64_TO_32_BIT_CONVERSION = YES;
				GCC_WARN_ABOUT_RETURN_TYPE = YES_ERROR;
				GCC_WARN_UNDECLARED_SELECTOR = YES;
				GCC_WARN_UNINITIALIZED_AUTOS = YES_AGGRESSIVE;
				GCC_WARN_UNUSED_FUNCTION = YES;
				GCC_WARN_UNUSED_VARIABLE = YES;
				IPHONEOS_DEPLOYMENT_TARGET = 16.4;
				MTL_ENABLE_DEBUG_INFO = INCLUDE_SOURCE;
				MTL_FAST_MATH = YES;
				ONLY_ACTIVE_ARCH = YES;
				SDKROOT = iphoneos;
				SWIFT_ACTIVE_COMPILATION_CONDITIONS = DEBUG;
				SWIFT_OPTIMIZATION_LEVEL = "-Onone";
			};
			name = Debug;
		};
		8871450C2A1FBC1B00C0F564 /* Release */ = {
			isa = XCBuildConfiguration;
			buildSettings = {
				ALWAYS_SEARCH_USER_PATHS = NO;
				CLANG_ANALYZER_NONNULL = YES;
				CLANG_ANALYZER_NUMBER_OBJECT_CONVERSION = YES_AGGRESSIVE;
				CLANG_CXX_LANGUAGE_STANDARD = "gnu++20";
				CLANG_ENABLE_MODULES = YES;
				CLANG_ENABLE_OBJC_ARC = YES;
				CLANG_ENABLE_OBJC_WEAK = YES;
				CLANG_WARN_BLOCK_CAPTURE_AUTORELEASING = YES;
				CLANG_WARN_BOOL_CONVERSION = YES;
				CLANG_WARN_COMMA = YES;
				CLANG_WARN_CONSTANT_CONVERSION = YES;
				CLANG_WARN_DEPRECATED_OBJC_IMPLEMENTATIONS = YES;
				CLANG_WARN_DIRECT_OBJC_ISA_USAGE = YES_ERROR;
				CLANG_WARN_DOCUMENTATION_COMMENTS = YES;
				CLANG_WARN_EMPTY_BODY = YES;
				CLANG_WARN_ENUM_CONVERSION = YES;
				CLANG_WARN_INFINITE_RECURSION = YES;
				CLANG_WARN_INT_CONVERSION = YES;
				CLANG_WARN_NON_LITERAL_NULL_CONVERSION = YES;
				CLANG_WARN_OBJC_IMPLICIT_RETAIN_SELF = YES;
				CLANG_WARN_OBJC_LITERAL_CONVERSION = YES;
				CLANG_WARN_OBJC_ROOT_CLASS = YES_ERROR;
				CLANG_WARN_QUOTED_INCLUDE_IN_FRAMEWORK_HEADER = YES;
				CLANG_WARN_RANGE_LOOP_ANALYSIS = YES;
				CLANG_WARN_STRICT_PROTOTYPES = YES;
				CLANG_WARN_SUSPICIOUS_MOVE = YES;
				CLANG_WARN_UNGUARDED_AVAILABILITY = YES_AGGRESSIVE;
				CLANG_WARN_UNREACHABLE_CODE = YES;
				CLANG_WARN__DUPLICATE_METHOD_MATCH = YES;
				COPY_PHASE_STRIP = NO;
				DEBUG_INFORMATION_FORMAT = "dwarf-with-dsym";
				ENABLE_NS_ASSERTIONS = NO;
				ENABLE_STRICT_OBJC_MSGSEND = YES;
				GCC_C_LANGUAGE_STANDARD = gnu11;
				GCC_NO_COMMON_BLOCKS = YES;
				GCC_WARN_64_TO_32_BIT_CONVERSION = YES;
				GCC_WARN_ABOUT_RETURN_TYPE = YES_ERROR;
				GCC_WARN_UNDECLARED_SELECTOR = YES;
				GCC_WARN_UNINITIALIZED_AUTOS = YES_AGGRESSIVE;
				GCC_WARN_UNUSED_FUNCTION = YES;
				GCC_WARN_UNUSED_VARIABLE = YES;
				IPHONEOS_DEPLOYMENT_TARGET = 16.4;
				MTL_ENABLE_DEBUG_INFO = NO;
				MTL_FAST_MATH = YES;
				SDKROOT = iphoneos;
				SWIFT_COMPILATION_MODE = wholemodule;
				SWIFT_OPTIMIZATION_LEVEL = "-O";
				VALIDATE_PRODUCT = YES;
			};
			name = Release;
		};
		8871450E2A1FBC1B00C0F564 /* Debug */ = {
			isa = XCBuildConfiguration;
			buildSettings = {
				ASSETCATALOG_COMPILER_APPICON_NAME = AppIcon;
				ASSETCATALOG_COMPILER_GLOBAL_ACCENT_COLOR_NAME = AccentColor;
				CODE_SIGN_STYLE = Automatic;
				CURRENT_PROJECT_VERSION = 1;
				GENERATE_INFOPLIST_FILE = YES;
				INFOPLIST_FILE = EstudandoProtocol2/Info.plist;
				INFOPLIST_KEY_UIApplicationSupportsIndirectInputEvents = YES;
				INFOPLIST_KEY_UILaunchStoryboardName = LaunchScreen;
				INFOPLIST_KEY_UIMainStoryboardFile = Main;
				INFOPLIST_KEY_UISupportedInterfaceOrientations_iPad = "UIInterfaceOrientationPortrait UIInterfaceOrientationPortraitUpsideDown UIInterfaceOrientationLandscapeLeft UIInterfaceOrientationLandscapeRight";
				INFOPLIST_KEY_UISupportedInterfaceOrientations_iPhone = "UIInterfaceOrientationPortrait UIInterfaceOrientationLandscapeLeft UIInterfaceOrientationLandscapeRight";
				LD_RUNPATH_SEARCH_PATHS = (
					"$(inherited)",
					"@executable_path/Frameworks",
				);
				MARKETING_VERSION = 1.0;
				PRODUCT_BUNDLE_IDENTIFIER = backfront.EstudandoProtocol2;
				PRODUCT_NAME = "$(TARGET_NAME)";
				SWIFT_EMIT_LOC_STRINGS = YES;
				SWIFT_VERSION = 5.0;
				TARGETED_DEVICE_FAMILY = "1,2";
			};
			name = Debug;
		};
		8871450F2A1FBC1B00C0F564 /* Release */ = {
			isa = XCBuildConfiguration;
			buildSettings = {
				ASSETCATALOG_COMPILER_APPICON_NAME = AppIcon;
				ASSETCATALOG_COMPILER_GLOBAL_ACCENT_COLOR_NAME = AccentColor;
				CODE_SIGN_STYLE = Automatic;
				CURRENT_PROJECT_VERSION = 1;
				GENERATE_INFOPLIST_FILE = YES;
				INFOPLIST_FILE = EstudandoProtocol2/Info.plist;
				INFOPLIST_KEY_UIApplicationSupportsIndirectInputEvents = YES;
				INFOPLIST_KEY_UILaunchStoryboardName = LaunchScreen;
				INFOPLIST_KEY_UIMainStoryboardFile = Main;
				INFOPLIST_KEY_UISupportedInterfaceOrientations_iPad = "UIInterfaceOrientationPortrait UIInterfaceOrientationPortraitUpsideDown UIInterfaceOrientationLandscapeLeft UIInterfaceOrientationLandscapeRight";
				INFOPLIST_KEY_UISupportedInterfaceOrientations_iPhone = "UIInterfaceOrientationPortrait UIInterfaceOrientationLandscapeLeft UIInterfaceOrientationLandscapeRight";
				LD_RUNPATH_SEARCH_PATHS = (
					"$(inherited)",
					"@executable_path/Frameworks",
				);
				MARKETING_VERSION = 1.0;
				PRODUCT_BUNDLE_IDENTIFIER = backfront.EstudandoProtocol2;
				PRODUCT_NAME = "$(TARGET_NAME)";
				SWIFT_EMIT_LOC_STRINGS = YES;
				SWIFT_VERSION = 5.0;
				TARGETED_DEVICE_FAMILY = "1,2";
			};
			name = Release;
		};
/* End XCBuildConfiguration section */

/* Begin XCConfigurationList section */
		887144F42A1FBC1900C0F564 /* Build configuration list for PBXProject "EstudandoProtocol2" */ = {
			isa = XCConfigurationList;
			buildConfigurations = (
				8871450B2A1FBC1B00C0F564 /* Debug */,
				8871450C2A1FBC1B00C0F564 /* Release */,
			);
			defaultConfigurationIsVisible = 0;
			defaultConfigurationName = Release;
		};
		8871450D2A1FBC1B00C0F564 /* Build configuration list for PBXNativeTarget "EstudandoProtocol2" */ = {
			isa = XCConfigurationList;
			buildConfigurations = (
				8871450E2A1FBC1B00C0F564 /* Debug */,
				8871450F2A1FBC1B00C0F564 /* Release */,
			);
			defaultConfigurationIsVisible = 0;
			defaultConfigurationName = Release;
		};
/* End XCConfigurationList section */
	};
	rootObject = 887144F12A1FBC1900C0F564 /* Project object */;
}
