// !$*UTF8*$!
{
	archiveVersion = 1;
	classes = {
	};
	objectVersion = 56;
	objects = {

/* Begin PBXBuildFile section */
		885F573A2A046BE7005727BB /* AppDelegate.swift in Sources */ = {isa = PBXBuildFile; fileRef = 885F57392A046BE7005727BB /* AppDelegate.swift */; };
		885F573C2A046BE7005727BB /* SceneDelegate.swift in Sources */ = {isa = PBXBuildFile; fileRef = 885F573B2A046BE7005727BB /* SceneDelegate.swift */; };
		885F573E2A046BE7005727BB /* ViewController.swift in Sources */ = {isa = PBXBuildFile; fileRef = 885F573D2A046BE7005727BB /* ViewController.swift */; };
		885F57412A046BE7005727BB /* Main.storyboard in Resources */ = {isa = PBXBuildFile; fileRef = 885F573F2A046BE7005727BB /* Main.storyboard */; };
		885F57432A046BE9005727BB /* Assets.xcassets in Resources */ = {isa = PBXBuildFile; fileRef = 885F57422A046BE9005727BB /* Assets.xcassets */; };
		885F57462A046BE9005727BB /* LaunchScreen.storyboard in Resources */ = {isa = PBXBuildFile; fileRef = 885F57442A046BE9005727BB /* LaunchScreen.storyboard */; };
		885F574F2A046E4D005727BB /* Tela02ViewController.swift in Sources */ = {isa = PBXBuildFile; fileRef = 885F574E2A046E4D005727BB /* Tela02ViewController.swift */; };
		885F57512A046E6F005727BB /* Tela02ViewController.storyboard in Resources */ = {isa = PBXBuildFile; fileRef = 885F57502A046E6F005727BB /* Tela02ViewController.storyboard */; };
		889E45502A12906700192C67 /* NSNotificationCenter.swift in Sources */ = {isa = PBXBuildFile; fileRef = 889E454F2A12906700192C67 /* NSNotificationCenter.swift */; };
/* End PBXBuildFile section */

/* Begin PBXFileReference section */
		885F57362A046BE7005727BB /* NotificationCenter350Bf.app */ = {isa = PBXFileReference; explicitFileType = wrapper.application; includeInIndex = 0; path = NotificationCenter350Bf.app; sourceTree = BUILT_PRODUCTS_DIR; };
		885F57392A046BE7005727BB /* AppDelegate.swift */ = {isa = PBXFileReference; lastKnownFileType = sourcecode.swift; path = AppDelegate.swift; sourceTree = "<group>"; };
		885F573B2A046BE7005727BB /* SceneDelegate.swift */ = {isa = PBXFileReference; lastKnownFileType = sourcecode.swift; path = SceneDelegate.swift; sourceTree = "<group>"; };
		885F573D2A046BE7005727BB /* ViewController.swift */ = {isa = PBXFileReference; lastKnownFileType = sourcecode.swift; path = ViewController.swift; sourceTree = "<group>"; };
		885F57402A046BE7005727BB /* Base */ = {isa = PBXFileReference; lastKnownFileType = file.storyboard; name = Base; path = Base.lproj/Main.storyboard; sourceTree = "<group>"; };
		885F57422A046BE9005727BB /* Assets.xcassets */ = {isa = PBXFileReference; lastKnownFileType = folder.assetcatalog; path = Assets.xcassets; sourceTree = "<group>"; };
		885F57452A046BE9005727BB /* Base */ = {isa = PBXFileReference; lastKnownFileType = file.storyboard; name = Base; path = Base.lproj/LaunchScreen.storyboard; sourceTree = "<group>"; };
		885F57472A046BE9005727BB /* Info.plist */ = {isa = PBXFileReference; lastKnownFileType = text.plist.xml; path = Info.plist; sourceTree = "<group>"; };
		885F574E2A046E4D005727BB /* Tela02ViewController.swift */ = {isa = PBXFileReference; lastKnownFileType = sourcecode.swift; path = Tela02ViewController.swift; sourceTree = "<group>"; };
		885F57502A046E6F005727BB /* Tela02ViewController.storyboard */ = {isa = PBXFileReference; lastKnownFileType = file.storyboard; path = Tela02ViewController.storyboard; sourceTree = "<group>"; };
		889E454F2A12906700192C67 /* NSNotificationCenter.swift */ = {isa = PBXFileReference; lastKnownFileType = sourcecode.swift; path = NSNotificationCenter.swift; sourceTree = "<group>"; };
/* End PBXFileReference section */

/* Begin PBXFrameworksBuildPhase section */
		885F57332A046BE7005727BB /* Frameworks */ = {
			isa = PBXFrameworksBuildPhase;
			buildActionMask = 2147483647;
			files = (
			);
			runOnlyForDeploymentPostprocessing = 0;
		};
/* End PBXFrameworksBuildPhase section */

/* Begin PBXGroup section */
		885F572D2A046BE7005727BB = {
			isa = PBXGroup;
			children = (
				885F57382A046BE7005727BB /* NotificationCenter350Bf */,
				885F57372A046BE7005727BB /* Products */,
			);
			sourceTree = "<group>";
		};
		885F57372A046BE7005727BB /* Products */ = {
			isa = PBXGroup;
			children = (
				885F57362A046BE7005727BB /* NotificationCenter350Bf.app */,
			);
			name = Products;
			sourceTree = "<group>";
		};
		885F57382A046BE7005727BB /* NotificationCenter350Bf */ = {
			isa = PBXGroup;
			children = (
				885F574D2A046E3A005727BB /* Tela02 */,
				885F57392A046BE7005727BB /* AppDelegate.swift */,
				885F573B2A046BE7005727BB /* SceneDelegate.swift */,
				885F573D2A046BE7005727BB /* ViewController.swift */,
				885F573F2A046BE7005727BB /* Main.storyboard */,
				885F57422A046BE9005727BB /* Assets.xcassets */,
				885F57442A046BE9005727BB /* LaunchScreen.storyboard */,
				885F57472A046BE9005727BB /* Info.plist */,
				889E454F2A12906700192C67 /* NSNotificationCenter.swift */,
			);
			path = NotificationCenter350Bf;
			sourceTree = "<group>";
		};
		885F574D2A046E3A005727BB /* Tela02 */ = {
			isa = PBXGroup;
			children = (
				885F574E2A046E4D005727BB /* Tela02ViewController.swift */,
				885F57502A046E6F005727BB /* Tela02ViewController.storyboard */,
			);
			path = Tela02;
			sourceTree = "<group>";
		};
/* End PBXGroup section */

/* Begin PBXNativeTarget section */
		885F57352A046BE7005727BB /* NotificationCenter350Bf */ = {
			isa = PBXNativeTarget;
			buildConfigurationList = 885F574A2A046BE9005727BB /* Build configuration list for PBXNativeTarget "NotificationCenter350Bf" */;
			buildPhases = (
				885F57322A046BE7005727BB /* Sources */,
				885F57332A046BE7005727BB /* Frameworks */,
				885F57342A046BE7005727BB /* Resources */,
			);
			buildRules = (
			);
			dependencies = (
			);
			name = NotificationCenter350Bf;
			productName = NotificationCenter350Bf;
			productReference = 885F57362A046BE7005727BB /* NotificationCenter350Bf.app */;
			productType = "com.apple.product-type.application";
		};
/* End PBXNativeTarget section */

/* Begin PBXProject section */
		885F572E2A046BE7005727BB /* Project object */ = {
			isa = PBXProject;
			attributes = {
				BuildIndependentTargetsInParallel = 1;
				LastSwiftUpdateCheck = 1430;
				LastUpgradeCheck = 1430;
				TargetAttributes = {
					885F57352A046BE7005727BB = {
						CreatedOnToolsVersion = 14.3;
					};
				};
			};
			buildConfigurationList = 885F57312A046BE7005727BB /* Build configuration list for PBXProject "NotificationCenter350Bf" */;
			compatibilityVersion = "Xcode 14.0";
			developmentRegion = en;
			hasScannedForEncodings = 0;
			knownRegions = (
				en,
				Base,
			);
			mainGroup = 885F572D2A046BE7005727BB;
			productRefGroup = 885F57372A046BE7005727BB /* Products */;
			projectDirPath = "";
			projectRoot = "";
			targets = (
				885F57352A046BE7005727BB /* NotificationCenter350Bf */,
			);
		};
/* End PBXProject section */

/* Begin PBXResourcesBuildPhase section */
		885F57342A046BE7005727BB /* Resources */ = {
			isa = PBXResourcesBuildPhase;
			buildActionMask = 2147483647;
			files = (
				885F57462A046BE9005727BB /* LaunchScreen.storyboard in Resources */,
				885F57512A046E6F005727BB /* Tela02ViewController.storyboard in Resources */,
				885F57432A046BE9005727BB /* Assets.xcassets in Resources */,
				885F57412A046BE7005727BB /* Main.storyboard in Resources */,
			);
			runOnlyForDeploymentPostprocessing = 0;
		};
/* End PBXResourcesBuildPhase section */

/* Begin PBXSourcesBuildPhase section */
		885F57322A046BE7005727BB /* Sources */ = {
			isa = PBXSourcesBuildPhase;
			buildActionMask = 2147483647;
			files = (
				885F574F2A046E4D005727BB /* Tela02ViewController.swift in Sources */,
				889E45502A12906700192C67 /* NSNotificationCenter.swift in Sources */,
				885F573E2A046BE7005727BB /* ViewController.swift in Sources */,
				885F573A2A046BE7005727BB /* AppDelegate.swift in Sources */,
				885F573C2A046BE7005727BB /* SceneDelegate.swift in Sources */,
			);
			runOnlyForDeploymentPostprocessing = 0;
		};
/* End PBXSourcesBuildPhase section */

/* Begin PBXVariantGroup section */
		885F573F2A046BE7005727BB /* Main.storyboard */ = {
			isa = PBXVariantGroup;
			children = (
				885F57402A046BE7005727BB /* Base */,
			);
			name = Main.storyboard;
			sourceTree = "<group>";
		};
		885F57442A046BE9005727BB /* LaunchScreen.storyboard */ = {
			isa = PBXVariantGroup;
			children = (
				885F57452A046BE9005727BB /* Base */,
			);
			name = LaunchScreen.storyboard;
			sourceTree = "<group>";
		};
/* End PBXVariantGroup section */

/* Begin XCBuildConfiguration section */
		885F57482A046BE9005727BB /* Debug */ = {
			isa = XCBuildConfiguration;
			buildSettings = {
				ALWAYS_SEARCH_USER_PATHS = NO;
				CLANG_ANALYZER_NONNULL = YES;
				CLANG_ANALYZER_NUMBER_OBJECT_CONVERSION = YES_AGGRESSIVE;
				CLANG_CXX_LANGUAGE_STANDARD = "gnu++20";
				CLANG_ENABLE_MODULES = YES;
				CLANG_ENABLE_OBJC_ARC = YES;
				CLANG_ENABLE_OBJC_WEAK = YES;
				CLANG_WARN_BLOCK_CAPTURE_AUTORELEASING = YES;
				CLANG_WARN_BOOL_CONVERSION = YES;
				CLANG_WARN_COMMA = YES;
				CLANG_WARN_CONSTANT_CONVERSION = YES;
				CLANG_WARN_DEPRECATED_OBJC_IMPLEMENTATIONS = YES;
				CLANG_WARN_DIRECT_OBJC_ISA_USAGE = YES_ERROR;
				CLANG_WARN_DOCUMENTATION_COMMENTS = YES;
				CLANG_WARN_EMPTY_BODY = YES;
				CLANG_WARN_ENUM_CONVERSION = YES;
				CLANG_WARN_INFINITE_RECURSION = YES;
				CLANG_WARN_INT_CONVERSION = YES;
				CLANG_WARN_NON_LITERAL_NULL_CONVERSION = YES;
				CLANG_WARN_OBJC_IMPLICIT_RETAIN_SELF = YES;
				CLANG_WARN_OBJC_LITERAL_CONVERSION = YES;
				CLANG_WARN_OBJC_ROOT_CLASS = YES_ERROR;
				CLANG_WARN_QUOTED_INCLUDE_IN_FRAMEWORK_HEADER = YES;
				CLANG_WARN_RANGE_LOOP_ANALYSIS = YES;
				CLANG_WARN_STRICT_PROTOTYPES = YES;
				CLANG_WARN_SUSPICIOUS_MOVE = YES;
				CLANG_WARN_UNGUARDED_AVAILABILITY = YES_AGGRESSIVE;
				CLANG_WARN_UNREACHABLE_CODE = YES;
				CLANG_WARN__DUPLICATE_METHOD_MATCH = YES;
				COPY_PHASE_STRIP = NO;
				DEBUG_INFORMATION_FORMAT = dwarf;
				ENABLE_STRICT_OBJC_MSGSEND = YES;
				ENABLE_TESTABILITY = YES;
				GCC_C_LANGUAGE_STANDARD = gnu11;
				GCC_DYNAMIC_NO_PIC = NO;
				GCC_NO_COMMON_BLOCKS = YES;
				GCC_OPTIMIZATION_LEVEL = 0;
				GCC_PREPROCESSOR_DEFINITIONS = (
					"DEBUG=1",
					"$(inherited)",
				);
				GCC_WARN_64_TO_32_BIT_CONVERSION = YES;
				GCC_WARN_ABOUT_RETURN_TYPE = YES_ERROR;
				GCC_WARN_UNDECLARED_SELECTOR = YES;
				GCC_WARN_UNINITIALIZED_AUTOS = YES_AGGRESSIVE;
				GCC_WARN_UNUSED_FUNCTION = YES;
				GCC_WARN_UNUSED_VARIABLE = YES;
				IPHONEOS_DEPLOYMENT_TARGET = 16.4;
				MTL_ENABLE_DEBUG_INFO = INCLUDE_SOURCE;
				MTL_FAST_MATH = YES;
				ONLY_ACTIVE_ARCH = YES;
				SDKROOT = iphoneos;
				SWIFT_ACTIVE_COMPILATION_CONDITIONS = DEBUG;
				SWIFT_OPTIMIZATION_LEVEL = "-Onone";
			};
			name = Debug;
		};
		885F57492A046BE9005727BB /* Release */ = {
			isa = XCBuildConfiguration;
			buildSettings = {
				ALWAYS_SEARCH_USER_PATHS = NO;
				CLANG_ANALYZER_NONNULL = YES;
				CLANG_ANALYZER_NUMBER_OBJECT_CONVERSION = YES_AGGRESSIVE;
				CLANG_CXX_LANGUAGE_STANDARD = "gnu++20";
				CLANG_ENABLE_MODULES = YES;
				CLANG_ENABLE_OBJC_ARC = YES;
				CLANG_ENABLE_OBJC_WEAK = YES;
				CLANG_WARN_BLOCK_CAPTURE_AUTORELEASING = YES;
				CLANG_WARN_BOOL_CONVERSION = YES;
				CLANG_WARN_COMMA = YES;
				CLANG_WARN_CONSTANT_CONVERSION = YES;
				CLANG_WARN_DEPRECATED_OBJC_IMPLEMENTATIONS = YES;
				CLANG_WARN_DIRECT_OBJC_ISA_USAGE = YES_ERROR;
				CLANG_WARN_DOCUMENTATION_COMMENTS = YES;
				CLANG_WARN_EMPTY_BODY = YES;
				CLANG_WARN_ENUM_CONVERSION = YES;
				CLANG_WARN_INFINITE_RECURSION = YES;
				CLANG_WARN_INT_CONVERSION = YES;
				CLANG_WARN_NON_LITERAL_NULL_CONVERSION = YES;
				CLANG_WARN_OBJC_IMPLICIT_RETAIN_SELF = YES;
				CLANG_WARN_OBJC_LITERAL_CONVERSION = YES;
				CLANG_WARN_OBJC_ROOT_CLASS = YES_ERROR;
				CLANG_WARN_QUOTED_INCLUDE_IN_FRAMEWORK_HEADER = YES;
				CLANG_WARN_RANGE_LOOP_ANALYSIS = YES;
				CLANG_WARN_STRICT_PROTOTYPES = YES;
				CLANG_WARN_SUSPICIOUS_MOVE = YES;
				CLANG_WARN_UNGUARDED_AVAILABILITY = YES_AGGRESSIVE;
				CLANG_WARN_UNREACHABLE_CODE = YES;
				CLANG_WARN__DUPLICATE_METHOD_MATCH = YES;
				COPY_PHASE_STRIP = NO;
				DEBUG_INFORMATION_FORMAT = "dwarf-with-dsym";
				ENABLE_NS_ASSERTIONS = NO;
				ENABLE_STRICT_OBJC_MSGSEND = YES;
				GCC_C_LANGUAGE_STANDARD = gnu11;
				GCC_NO_COMMON_BLOCKS = YES;
				GCC_WARN_64_TO_32_BIT_CONVERSION = YES;
				GCC_WARN_ABOUT_RETURN_TYPE = YES_ERROR;
				GCC_WARN_UNDECLARED_SELECTOR = YES;
				GCC_WARN_UNINITIALIZED_AUTOS = YES_AGGRESSIVE;
				GCC_WARN_UNUSED_FUNCTION = YES;
				GCC_WARN_UNUSED_VARIABLE = YES;
				IPHONEOS_DEPLOYMENT_TARGET = 16.4;
				MTL_ENABLE_DEBUG_INFO = NO;
				MTL_FAST_MATH = YES;
				SDKROOT = iphoneos;
				SWIFT_COMPILATION_MODE = wholemodule;
				SWIFT_OPTIMIZATION_LEVEL = "-O";
				VALIDATE_PRODUCT = YES;
			};
			name = Release;
		};
		885F574B2A046BE9005727BB /* Debug */ = {
			isa = XCBuildConfiguration;
			buildSettings = {
				ASSETCATALOG_COMPILER_APPICON_NAME = AppIcon;
				ASSETCATALOG_COMPILER_GLOBAL_ACCENT_COLOR_NAME = AccentColor;
				CODE_SIGN_STYLE = Automatic;
				CURRENT_PROJECT_VERSION = 1;
				GENERATE_INFOPLIST_FILE = YES;
				INFOPLIST_FILE = NotificationCenter350Bf/Info.plist;
				INFOPLIST_KEY_UIApplicationSupportsIndirectInputEvents = YES;
				INFOPLIST_KEY_UILaunchStoryboardName = LaunchScreen;
				INFOPLIST_KEY_UIMainStoryboardFile = Main;
				INFOPLIST_KEY_UISupportedInterfaceOrientations_iPad = "UIInterfaceOrientationPortrait UIInterfaceOrientationPortraitUpsideDown UIInterfaceOrientationLandscapeLeft UIInterfaceOrientationLandscapeRight";
				INFOPLIST_KEY_UISupportedInterfaceOrientations_iPhone = "UIInterfaceOrientationPortrait UIInterfaceOrientationLandscapeLeft UIInterfaceOrientationLandscapeRight";
				LD_RUNPATH_SEARCH_PATHS = (
					"$(inherited)",
					"@executable_path/Frameworks",
				);
				MARKETING_VERSION = 1.0;
				PRODUCT_BUNDLE_IDENTIFIER = backfront.NotificationCenter350Bf;
				PRODUCT_NAME = "$(TARGET_NAME)";
				SWIFT_EMIT_LOC_STRINGS = YES;
				SWIFT_VERSION = 5.0;
				TARGETED_DEVICE_FAMILY = "1,2";
			};
			name = Debug;
		};
		885F574C2A046BE9005727BB /* Release */ = {
			isa = XCBuildConfiguration;
			buildSettings = {
				ASSETCATALOG_COMPILER_APPICON_NAME = AppIcon;
				ASSETCATALOG_COMPILER_GLOBAL_ACCENT_COLOR_NAME = AccentColor;
				CODE_SIGN_STYLE = Automatic;
				CURRENT_PROJECT_VERSION = 1;
				GENERATE_INFOPLIST_FILE = YES;
				INFOPLIST_FILE = NotificationCenter350Bf/Info.plist;
				INFOPLIST_KEY_UIApplicationSupportsIndirectInputEvents = YES;
				INFOPLIST_KEY_UILaunchStoryboardName = LaunchScreen;
				INFOPLIST_KEY_UIMainStoryboardFile = Main;
				INFOPLIST_KEY_UISupportedInterfaceOrientations_iPad = "UIInterfaceOrientationPortrait UIInterfaceOrientationPortraitUpsideDown UIInterfaceOrientationLandscapeLeft UIInterfaceOrientationLandscapeRight";
				INFOPLIST_KEY_UISupportedInterfaceOrientations_iPhone = "UIInterfaceOrientationPortrait UIInterfaceOrientationLandscapeLeft UIInterfaceOrientationLandscapeRight";
				LD_RUNPATH_SEARCH_PATHS = (
					"$(inherited)",
					"@executable_path/Frameworks",
				);
				MARKETING_VERSION = 1.0;
				PRODUCT_BUNDLE_IDENTIFIER = backfront.NotificationCenter350Bf;
				PRODUCT_NAME = "$(TARGET_NAME)";
				SWIFT_EMIT_LOC_STRINGS = YES;
				SWIFT_VERSION = 5.0;
				TARGETED_DEVICE_FAMILY = "1,2";
			};
			name = Release;
		};
/* End XCBuildConfiguration section */

/* Begin XCConfigurationList section */
		885F57312A046BE7005727BB /* Build configuration list for PBXProject "NotificationCenter350Bf" */ = {
			isa = XCConfigurationList;
			buildConfigurations = (
				885F57482A046BE9005727BB /* Debug */,
				885F57492A046BE9005727BB /* Release */,
			);
			defaultConfigurationIsVisible = 0;
			defaultConfigurationName = Release;
		};
		885F574A2A046BE9005727BB /* Build configuration list for PBXNativeTarget "NotificationCenter350Bf" */ = {
			isa = XCConfigurationList;
			buildConfigurations = (
				885F574B2A046BE9005727BB /* Debug */,
				885F574C2A046BE9005727BB /* Release */,
			);
			defaultConfigurationIsVisible = 0;
			defaultConfigurationName = Release;
		};
/* End XCConfigurationList section */
	};
	rootObject = 885F572E2A046BE7005727BB /* Project object */;
}
