// !$*UTF8*$!
{
	archiveVersion = 1;
	classes = {
	};
	objectVersion = 56;
	objects = {

/* Begin PBXBuildFile section */
		889E455E2A12A01B00192C67 /* AppDelegate.swift in Sources */ = {isa = PBXBuildFile; fileRef = 889E455D2A12A01B00192C67 /* AppDelegate.swift */; };
		889E45602A12A01B00192C67 /* SceneDelegate.swift in Sources */ = {isa = PBXBuildFile; fileRef = 889E455F2A12A01B00192C67 /* SceneDelegate.swift */; };
		889E45622A12A01B00192C67 /* ViewController.swift in Sources */ = {isa = PBXBuildFile; fileRef = 889E45612A12A01B00192C67 /* ViewController.swift */; };
		889E45652A12A01B00192C67 /* Main.storyboard in Resources */ = {isa = PBXBuildFile; fileRef = 889E45632A12A01B00192C67 /* Main.storyboard */; };
		889E45672A12A01D00192C67 /* Assets.xcassets in Resources */ = {isa = PBXBuildFile; fileRef = 889E45662A12A01D00192C67 /* Assets.xcassets */; };
		889E456A2A12A01D00192C67 /* LaunchScreen.storyboard in Resources */ = {isa = PBXBuildFile; fileRef = 889E45682A12A01D00192C67 /* LaunchScreen.storyboard */; };
		889E45732A12A05600192C67 /* Tela02ViewController.swift in Sources */ = {isa = PBXBuildFile; fileRef = 889E45722A12A05600192C67 /* Tela02ViewController.swift */; };
		889E45752A12A06800192C67 /* Tela02ViewController.storyboard in Resources */ = {isa = PBXBuildFile; fileRef = 889E45742A12A06800192C67 /* Tela02ViewController.storyboard */; };
		889E45772A13E9C700192C67 /* NSNotificationCenter.swift in Sources */ = {isa = PBXBuildFile; fileRef = 889E45762A13E9C700192C67 /* NSNotificationCenter.swift */; };
/* End PBXBuildFile section */

/* Begin PBXFileReference section */
		889E455A2A12A01B00192C67 /* EstudandoNotificationCenter2.app */ = {isa = PBXFileReference; explicitFileType = wrapper.application; includeInIndex = 0; path = EstudandoNotificationCenter2.app; sourceTree = BUILT_PRODUCTS_DIR; };
		889E455D2A12A01B00192C67 /* AppDelegate.swift */ = {isa = PBXFileReference; lastKnownFileType = sourcecode.swift; path = AppDelegate.swift; sourceTree = "<group>"; };
		889E455F2A12A01B00192C67 /* SceneDelegate.swift */ = {isa = PBXFileReference; lastKnownFileType = sourcecode.swift; path = SceneDelegate.swift; sourceTree = "<group>"; };
		889E45612A12A01B00192C67 /* ViewController.swift */ = {isa = PBXFileReference; lastKnownFileType = sourcecode.swift; path = ViewController.swift; sourceTree = "<group>"; };
		889E45642A12A01B00192C67 /* Base */ = {isa = PBXFileReference; lastKnownFileType = file.storyboard; name = Base; path = Base.lproj/Main.storyboard; sourceTree = "<group>"; };
		889E45662A12A01D00192C67 /* Assets.xcassets */ = {isa = PBXFileReference; lastKnownFileType = folder.assetcatalog; path = Assets.xcassets; sourceTree = "<group>"; };
		889E45692A12A01D00192C67 /* Base */ = {isa = PBXFileReference; lastKnownFileType = file.storyboard; name = Base; path = Base.lproj/LaunchScreen.storyboard; sourceTree = "<group>"; };
		889E456B2A12A01D00192C67 /* Info.plist */ = {isa = PBXFileReference; lastKnownFileType = text.plist.xml; path = Info.plist; sourceTree = "<group>"; };
		889E45722A12A05600192C67 /* Tela02ViewController.swift */ = {isa = PBXFileReference; lastKnownFileType = sourcecode.swift; path = Tela02ViewController.swift; sourceTree = "<group>"; };
		889E45742A12A06800192C67 /* Tela02ViewController.storyboard */ = {isa = PBXFileReference; lastKnownFileType = file.storyboard; path = Tela02ViewController.storyboard; sourceTree = "<group>"; };
		889E45762A13E9C700192C67 /* NSNotificationCenter.swift */ = {isa = PBXFileReference; lastKnownFileType = sourcecode.swift; path = NSNotificationCenter.swift; sourceTree = "<group>"; };
/* End PBXFileReference section */

/* Begin PBXFrameworksBuildPhase section */
		889E45572A12A01B00192C67 /* Frameworks */ = {
			isa = PBXFrameworksBuildPhase;
			buildActionMask = 2147483647;
			files = (
			);
			runOnlyForDeploymentPostprocessing = 0;
		};
/* End PBXFrameworksBuildPhase section */

/* Begin PBXGroup section */
		889E45512A12A01B00192C67 = {
			isa = PBXGroup;
			children = (
				889E455C2A12A01B00192C67 /* EstudandoNotificationCenter2 */,
				889E455B2A12A01B00192C67 /* Products */,
			);
			sourceTree = "<group>";
		};
		889E455B2A12A01B00192C67 /* Products */ = {
			isa = PBXGroup;
			children = (
				889E455A2A12A01B00192C67 /* EstudandoNotificationCenter2.app */,
			);
			name = Products;
			sourceTree = "<group>";
		};
		889E455C2A12A01B00192C67 /* EstudandoNotificationCenter2 */ = {
			isa = PBXGroup;
			children = (
				889E45712A12A03700192C67 /* Tela02 */,
				889E455D2A12A01B00192C67 /* AppDelegate.swift */,
				889E455F2A12A01B00192C67 /* SceneDelegate.swift */,
				889E45612A12A01B00192C67 /* ViewController.swift */,
				889E45632A12A01B00192C67 /* Main.storyboard */,
				889E45662A12A01D00192C67 /* Assets.xcassets */,
				889E45682A12A01D00192C67 /* LaunchScreen.storyboard */,
				889E456B2A12A01D00192C67 /* Info.plist */,
				889E45762A13E9C700192C67 /* NSNotificationCenter.swift */,
			);
			path = EstudandoNotificationCenter2;
			sourceTree = "<group>";
		};
		889E45712A12A03700192C67 /* Tela02 */ = {
			isa = PBXGroup;
			children = (
				889E45722A12A05600192C67 /* Tela02ViewController.swift */,
				889E45742A12A06800192C67 /* Tela02ViewController.storyboard */,
			);
			path = Tela02;
			sourceTree = "<group>";
		};
/* End PBXGroup section */

/* Begin PBXNativeTarget section */
		889E45592A12A01B00192C67 /* EstudandoNotificationCenter2 */ = {
			isa = PBXNativeTarget;
			buildConfigurationList = 889E456E2A12A01D00192C67 /* Build configuration list for PBXNativeTarget "EstudandoNotificationCenter2" */;
			buildPhases = (
				889E45562A12A01B00192C67 /* Sources */,
				889E45572A12A01B00192C67 /* Frameworks */,
				889E45582A12A01B00192C67 /* Resources */,
			);
			buildRules = (
			);
			dependencies = (
			);
			name = EstudandoNotificationCenter2;
			productName = EstudandoNotificationCenter2;
			productReference = 889E455A2A12A01B00192C67 /* EstudandoNotificationCenter2.app */;
			productType = "com.apple.product-type.application";
		};
/* End PBXNativeTarget section */

/* Begin PBXProject section */
		889E45522A12A01B00192C67 /* Project object */ = {
			isa = PBXProject;
			attributes = {
				BuildIndependentTargetsInParallel = 1;
				LastSwiftUpdateCheck = 1430;
				LastUpgradeCheck = 1430;
				TargetAttributes = {
					889E45592A12A01B00192C67 = {
						CreatedOnToolsVersion = 14.3;
					};
				};
			};
			buildConfigurationList = 889E45552A12A01B00192C67 /* Build configuration list for PBXProject "EstudandoNotificationCenter2" */;
			compatibilityVersion = "Xcode 14.0";
			developmentRegion = en;
			hasScannedForEncodings = 0;
			knownRegions = (
				en,
				Base,
			);
			mainGroup = 889E45512A12A01B00192C67;
			productRefGroup = 889E455B2A12A01B00192C67 /* Products */;
			projectDirPath = "";
			projectRoot = "";
			targets = (
				889E45592A12A01B00192C67 /* EstudandoNotificationCenter2 */,
			);
		};
/* End PBXProject section */

/* Begin PBXResourcesBuildPhase section */
		889E45582A12A01B00192C67 /* Resources */ = {
			isa = PBXResourcesBuildPhase;
			buildActionMask = 2147483647;
			files = (
				889E456A2A12A01D00192C67 /* LaunchScreen.storyboard in Resources */,
				889E45752A12A06800192C67 /* Tela02ViewController.storyboard in Resources */,
				889E45672A12A01D00192C67 /* Assets.xcassets in Resources */,
				889E45652A12A01B00192C67 /* Main.storyboard in Resources */,
			);
			runOnlyForDeploymentPostprocessing = 0;
		};
/* End PBXResourcesBuildPhase section */

/* Begin PBXSourcesBuildPhase section */
		889E45562A12A01B00192C67 /* Sources */ = {
			isa = PBXSourcesBuildPhase;
			buildActionMask = 2147483647;
			files = (
				889E45732A12A05600192C67 /* Tela02ViewController.swift in Sources */,
				889E45772A13E9C700192C67 /* NSNotificationCenter.swift in Sources */,
				889E45622A12A01B00192C67 /* ViewController.swift in Sources */,
				889E455E2A12A01B00192C67 /* AppDelegate.swift in Sources */,
				889E45602A12A01B00192C67 /* SceneDelegate.swift in Sources */,
			);
			runOnlyForDeploymentPostprocessing = 0;
		};
/* End PBXSourcesBuildPhase section */

/* Begin PBXVariantGroup section */
		889E45632A12A01B00192C67 /* Main.storyboard */ = {
			isa = PBXVariantGroup;
			children = (
				889E45642A12A01B00192C67 /* Base */,
			);
			name = Main.storyboard;
			sourceTree = "<group>";
		};
		889E45682A12A01D00192C67 /* LaunchScreen.storyboard */ = {
			isa = PBXVariantGroup;
			children = (
				889E45692A12A01D00192C67 /* Base */,
			);
			name = LaunchScreen.storyboard;
			sourceTree = "<group>";
		};
/* End PBXVariantGroup section */

/* Begin XCBuildConfiguration section */
		889E456C2A12A01D00192C67 /* Debug */ = {
			isa = XCBuildConfiguration;
			buildSettings = {
				ALWAYS_SEARCH_USER_PATHS = NO;
				CLANG_ANALYZER_NONNULL = YES;
				CLANG_ANALYZER_NUMBER_OBJECT_CONVERSION = YES_AGGRESSIVE;
				CLANG_CXX_LANGUAGE_STANDARD = "gnu++20";
				CLANG_ENABLE_MODULES = YES;
				CLANG_ENABLE_OBJC_ARC = YES;
				CLANG_ENABLE_OBJC_WEAK = YES;
				CLANG_WARN_BLOCK_CAPTURE_AUTORELEASING = YES;
				CLANG_WARN_BOOL_CONVERSION = YES;
				CLANG_WARN_COMMA = YES;
				CLANG_WARN_CONSTANT_CONVERSION = YES;
				CLANG_WARN_DEPRECATED_OBJC_IMPLEMENTATIONS = YES;
				CLANG_WARN_DIRECT_OBJC_ISA_USAGE = YES_ERROR;
				CLANG_WARN_DOCUMENTATION_COMMENTS = YES;
				CLANG_WARN_EMPTY_BODY = YES;
				CLANG_WARN_ENUM_CONVERSION = YES;
				CLANG_WARN_INFINITE_RECURSION = YES;
				CLANG_WARN_INT_CONVERSION = YES;
				CLANG_WARN_NON_LITERAL_NULL_CONVERSION = YES;
				CLANG_WARN_OBJC_IMPLICIT_RETAIN_SELF = YES;
				CLANG_WARN_OBJC_LITERAL_CONVERSION = YES;
				CLANG_WARN_OBJC_ROOT_CLASS = YES_ERROR;
				CLANG_WARN_QUOTED_INCLUDE_IN_FRAMEWORK_HEADER = YES;
				CLANG_WARN_RANGE_LOOP_ANALYSIS = YES;
				CLANG_WARN_STRICT_PROTOTYPES = YES;
				CLANG_WARN_SUSPICIOUS_MOVE = YES;
				CLANG_WARN_UNGUARDED_AVAILABILITY = YES_AGGRESSIVE;
				CLANG_WARN_UNREACHABLE_CODE = YES;
				CLANG_WARN__DUPLICATE_METHOD_MATCH = YES;
				COPY_PHASE_STRIP = NO;
				DEBUG_INFORMATION_FORMAT = dwarf;
				ENABLE_STRICT_OBJC_MSGSEND = YES;
				ENABLE_TESTABILITY = YES;
				GCC_C_LANGUAGE_STANDARD = gnu11;
				GCC_DYNAMIC_NO_PIC = NO;
				GCC_NO_COMMON_BLOCKS = YES;
				GCC_OPTIMIZATION_LEVEL = 0;
				GCC_PREPROCESSOR_DEFINITIONS = (
					"DEBUG=1",
					"$(inherited)",
				);
				GCC_WARN_64_TO_32_BIT_CONVERSION = YES;
				GCC_WARN_ABOUT_RETURN_TYPE = YES_ERROR;
				GCC_WARN_UNDECLARED_SELECTOR = YES;
				GCC_WARN_UNINITIALIZED_AUTOS = YES_AGGRESSIVE;
				GCC_WARN_UNUSED_FUNCTION = YES;
				GCC_WARN_UNUSED_VARIABLE = YES;
				IPHONEOS_DEPLOYMENT_TARGET = 16.4;
				MTL_ENABLE_DEBUG_INFO = INCLUDE_SOURCE;
				MTL_FAST_MATH = YES;
				ONLY_ACTIVE_ARCH = YES;
				SDKROOT = iphoneos;
				SWIFT_ACTIVE_COMPILATION_CONDITIONS = DEBUG;
				SWIFT_OPTIMIZATION_LEVEL = "-Onone";
			};
			name = Debug;
		};
		889E456D2A12A01D00192C67 /* Release */ = {
			isa = XCBuildConfiguration;
			buildSettings = {
				ALWAYS_SEARCH_USER_PATHS = NO;
				CLANG_ANALYZER_NONNULL = YES;
				CLANG_ANALYZER_NUMBER_OBJECT_CONVERSION = YES_AGGRESSIVE;
				CLANG_CXX_LANGUAGE_STANDARD = "gnu++20";
				CLANG_ENABLE_MODULES = YES;
				CLANG_ENABLE_OBJC_ARC = YES;
				CLANG_ENABLE_OBJC_WEAK = YES;
				CLANG_WARN_BLOCK_CAPTURE_AUTORELEASING = YES;
				CLANG_WARN_BOOL_CONVERSION = YES;
				CLANG_WARN_COMMA = YES;
				CLANG_WARN_CONSTANT_CONVERSION = YES;
				CLANG_WARN_DEPRECATED_OBJC_IMPLEMENTATIONS = YES;
				CLANG_WARN_DIRECT_OBJC_ISA_USAGE = YES_ERROR;
				CLANG_WARN_DOCUMENTATION_COMMENTS = YES;
				CLANG_WARN_EMPTY_BODY = YES;
				CLANG_WARN_ENUM_CONVERSION = YES;
				CLANG_WARN_INFINITE_RECURSION = YES;
				CLANG_WARN_INT_CONVERSION = YES;
				CLANG_WARN_NON_LITERAL_NULL_CONVERSION = YES;
				CLANG_WARN_OBJC_IMPLICIT_RETAIN_SELF = YES;
				CLANG_WARN_OBJC_LITERAL_CONVERSION = YES;
				CLANG_WARN_OBJC_ROOT_CLASS = YES_ERROR;
				CLANG_WARN_QUOTED_INCLUDE_IN_FRAMEWORK_HEADER = YES;
				CLANG_WARN_RANGE_LOOP_ANALYSIS = YES;
				CLANG_WARN_STRICT_PROTOTYPES = YES;
				CLANG_WARN_SUSPICIOUS_MOVE = YES;
				CLANG_WARN_UNGUARDED_AVAILABILITY = YES_AGGRESSIVE;
				CLANG_WARN_UNREACHABLE_CODE = YES;
				CLANG_WARN__DUPLICATE_METHOD_MATCH = YES;
				COPY_PHASE_STRIP = NO;
				DEBUG_INFORMATION_FORMAT = "dwarf-with-dsym";
				ENABLE_NS_ASSERTIONS = NO;
				ENABLE_STRICT_OBJC_MSGSEND = YES;
				GCC_C_LANGUAGE_STANDARD = gnu11;
				GCC_NO_COMMON_BLOCKS = YES;
				GCC_WARN_64_TO_32_BIT_CONVERSION = YES;
				GCC_WARN_ABOUT_RETURN_TYPE = YES_ERROR;
				GCC_WARN_UNDECLARED_SELECTOR = YES;
				GCC_WARN_UNINITIALIZED_AUTOS = YES_AGGRESSIVE;
				GCC_WARN_UNUSED_FUNCTION = YES;
				GCC_WARN_UNUSED_VARIABLE = YES;
				IPHONEOS_DEPLOYMENT_TARGET = 16.4;
				MTL_ENABLE_DEBUG_INFO = NO;
				MTL_FAST_MATH = YES;
				SDKROOT = iphoneos;
				SWIFT_COMPILATION_MODE = wholemodule;
				SWIFT_OPTIMIZATION_LEVEL = "-O";
				VALIDATE_PRODUCT = YES;
			};
			name = Release;
		};
		889E456F2A12A01D00192C67 /* Debug */ = {
			isa = XCBuildConfiguration;
			buildSettings = {
				ASSETCATALOG_COMPILER_APPICON_NAME = AppIcon;
				ASSETCATALOG_COMPILER_GLOBAL_ACCENT_COLOR_NAME = AccentColor;
				CODE_SIGN_STYLE = Automatic;
				CURRENT_PROJECT_VERSION = 1;
				GENERATE_INFOPLIST_FILE = YES;
				INFOPLIST_FILE = EstudandoNotificationCenter2/Info.plist;
				INFOPLIST_KEY_UIApplicationSupportsIndirectInputEvents = YES;
				INFOPLIST_KEY_UILaunchStoryboardName = LaunchScreen;
				INFOPLIST_KEY_UIMainStoryboardFile = Main;
				INFOPLIST_KEY_UISupportedInterfaceOrientations_iPad = "UIInterfaceOrientationPortrait UIInterfaceOrientationPortraitUpsideDown UIInterfaceOrientationLandscapeLeft UIInterfaceOrientationLandscapeRight";
				INFOPLIST_KEY_UISupportedInterfaceOrientations_iPhone = "UIInterfaceOrientationPortrait UIInterfaceOrientationLandscapeLeft UIInterfaceOrientationLandscapeRight";
				LD_RUNPATH_SEARCH_PATHS = (
					"$(inherited)",
					"@executable_path/Frameworks",
				);
				MARKETING_VERSION = 1.0;
				PRODUCT_BUNDLE_IDENTIFIER = backfront.EstudandoNotificationCenter2;
				PRODUCT_NAME = "$(TARGET_NAME)";
				SWIFT_EMIT_LOC_STRINGS = YES;
				SWIFT_VERSION = 5.0;
				TARGETED_DEVICE_FAMILY = "1,2";
			};
			name = Debug;
		};
		889E45702A12A01D00192C67 /* Release */ = {
			isa = XCBuildConfiguration;
			buildSettings = {
				ASSETCATALOG_COMPILER_APPICON_NAME = AppIcon;
				ASSETCATALOG_COMPILER_GLOBAL_ACCENT_COLOR_NAME = AccentColor;
				CODE_SIGN_STYLE = Automatic;
				CURRENT_PROJECT_VERSION = 1;
				GENERATE_INFOPLIST_FILE = YES;
				INFOPLIST_FILE = EstudandoNotificationCenter2/Info.plist;
				INFOPLIST_KEY_UIApplicationSupportsIndirectInputEvents = YES;
				INFOPLIST_KEY_UILaunchStoryboardName = LaunchScreen;
				INFOPLIST_KEY_UIMainStoryboardFile = Main;
				INFOPLIST_KEY_UISupportedInterfaceOrientations_iPad = "UIInterfaceOrientationPortrait UIInterfaceOrientationPortraitUpsideDown UIInterfaceOrientationLandscapeLeft UIInterfaceOrientationLandscapeRight";
				INFOPLIST_KEY_UISupportedInterfaceOrientations_iPhone = "UIInterfaceOrientationPortrait UIInterfaceOrientationLandscapeLeft UIInterfaceOrientationLandscapeRight";
				LD_RUNPATH_SEARCH_PATHS = (
					"$(inherited)",
					"@executable_path/Frameworks",
				);
				MARKETING_VERSION = 1.0;
				PRODUCT_BUNDLE_IDENTIFIER = backfront.EstudandoNotificationCenter2;
				PRODUCT_NAME = "$(TARGET_NAME)";
				SWIFT_EMIT_LOC_STRINGS = YES;
				SWIFT_VERSION = 5.0;
				TARGETED_DEVICE_FAMILY = "1,2";
			};
			name = Release;
		};
/* End XCBuildConfiguration section */

/* Begin XCConfigurationList section */
		889E45552A12A01B00192C67 /* Build configuration list for PBXProject "EstudandoNotificationCenter2" */ = {
			isa = XCConfigurationList;
			buildConfigurations = (
				889E456C2A12A01D00192C67 /* Debug */,
				889E456D2A12A01D00192C67 /* Release */,
			);
			defaultConfigurationIsVisible = 0;
			defaultConfigurationName = Release;
		};
		889E456E2A12A01D00192C67 /* Build configuration list for PBXNativeTarget "EstudandoNotificationCenter2" */ = {
			isa = XCConfigurationList;
			buildConfigurations = (
				889E456F2A12A01D00192C67 /* Debug */,
				889E45702A12A01D00192C67 /* Release */,
			);
			defaultConfigurationIsVisible = 0;
			defaultConfigurationName = Release;
		};
/* End XCConfigurationList section */
	};
	rootObject = 889E45522A12A01B00192C67 /* Project object */;
}
